
Microsoft Visual Studio Solution File, Format Version 11.00
# Visual Studio 2010
Project("{FAE04EC0-301F-11D3-BF4B-00C04F79EFBC}") = "TeraBot", "TeraBot\TeraBot.csproj", "{9E9D6A54-E51D-4562-97A9-F4F818B89967}"
EndProject
Global
	GlobalSection(SolutionConfigurationPlatforms) = preSolution
		Debug|x86 = Debug|x86
		Release|x86 = Release|x86
	EndGlobalSection
	GlobalSection(ProjectConfigurationPlatforms) = postSolution
		{9E9D6A54-E51D-4562-97A9-F4F818B89967}.Debug|x86.ActiveCfg = Debug|x86
		{9E9D6A54-E51D-4562-97A9-F4F818B89967}.Debug|x86.Build.0 = Debug|x86
		{9E9D6A54-E51D-4562-97A9-F4F818B89967}.Release|x86.ActiveCfg = Release|x86
		{9E9D6A54-E51D-4562-97A9-F4F818B89967}.Release|x86.Build.0 = Release|x86
	EndGlobalSection
	GlobalSection(SolutionProperties) = preSolution
		HideSolutionNode = FALSE
	EndGlobalSection
EndGlobal
